<Solution>
  <Folder Name="/SpatialValuation.Api/">
    <Project Path="SpatialValuation.Api/SpatialValuation.API.csproj" />
  </Folder>
  <Folder Name="/SpatialValuation.Application/">
    <Project Path="SpatialValuation.Application/SpatialValuation.Application.csproj" />
  </Folder>
  <Folder Name="/SpatialValuation.Domain/">
    <Project Path="SpatialValuation.Domain/SpatialValuation.Domain.csproj" />
  </Folder>
  <Folder Name="/SpatialValuation.Infrastructure/">
    <Project Path="SpatialValuation.Infrastructure/SpatialValuation.Infrastructure.csproj" />
  </Folder>
</Solution>

